version = 1
requires-python = ">=3.10"

[[package]]
name = "check-latex-math"
version = "0.1.0"
source = { editable = "." }
dependencies = [
    { name = "pylatexenc" },
]

[package.metadata]
requires-dist = [{ name = "pylatexenc", specifier = ">=2.10" }]

[[package]]
name = "pylatexenc"
version = "2.10"
source = { registry = "https://service.meteoswiss.ch/nexus/repository/python-all/simple" }
sdist = { url = "https://service.meteoswiss.ch/nexus/repository/python-all/packages/pylatexenc/2.10/pylatexenc-2.10.tar.gz", hash = "sha256:3dd8fd84eb46dc30bee1e23eaab8d8fb5a7f507347b23e5f38ad9675c84f40d3" }
